
Microsoft Visual Studio Solution File, Format Version 12.00
# Visual Studio Version 16
VisualStudioVersion = 16.0.31321.278
MinimumVisualStudioVersion = 10.0.40219.1
Project("{8BC9CEB8-8B4A-11D0-8D11-00A0C91BC942}") = "UDPserver", "UDPserver\UDPserver.vcxproj", "{016AE7EB-A050-4321-AC27-ACFF9857BDB9}"
EndProject
Project("{8BC9CEB8-8B4A-11D0-8D11-00A0C91BC942}") = "Hostname", "Hostname\Hostname.vcxproj", "{B93A68BC-1F2E-47CD-BF7B-14507843578F}"
EndProject
Project("{8BC9CEB8-8B4A-11D0-8D11-00A0C91BC942}") = "TCPclient", "TCPclient\TCPclient.vcxproj", "{E8649F49-1BB3-48FA-B2AD-57273854329B}"
EndProject
Project("{8BC9CEB8-8B4A-11D0-8D11-00A0C91BC942}") = "UDPclient", "UDPclient\UDPclient.vcxproj", "{0D0AC1E0-EEE9-4228-AB37-A565B77A868B}"
EndProject
Project("{8BC9CEB8-8B4A-11D0-8D11-00A0C91BC942}") = "TCPserver", "TCPserver\TCPserver.vcxproj", "{E7537CDB-9448-46BA-97C7-485926B707A5}"
EndProject
Global
	GlobalSection(SolutionConfigurationPlatforms) = preSolution
		Debug|x64 = Debug|x64
		Debug|x86 = Debug|x86
		Release|x64 = Release|x64
		Release|x86 = Release|x86
	EndGlobalSection
	GlobalSection(ProjectConfigurationPlatforms) = postSolution
		{016AE7EB-A050-4321-AC27-ACFF9857BDB9}.Debug|x64.ActiveCfg = Debug|x64
		{016AE7EB-A050-4321-AC27-ACFF9857BDB9}.Debug|x64.Build.0 = Debug|x64
		{016AE7EB-A050-4321-AC27-ACFF9857BDB9}.Debug|x86.ActiveCfg = Debug|Win32
		{016AE7EB-A050-4321-AC27-ACFF9857BDB9}.Debug|x86.Build.0 = Debug|Win32
		{016AE7EB-A050-4321-AC27-ACFF9857BDB9}.Release|x64.ActiveCfg = Release|x64
		{016AE7EB-A050-4321-AC27-ACFF9857BDB9}.Release|x64.Build.0 = Release|x64
		{016AE7EB-A050-4321-AC27-ACFF9857BDB9}.Release|x86.ActiveCfg = Release|Win32
		{016AE7EB-A050-4321-AC27-ACFF9857BDB9}.Release|x86.Build.0 = Release|Win32
		{B93A68BC-1F2E-47CD-BF7B-14507843578F}.Debug|x64.ActiveCfg = Debug|x64
		{B93A68BC-1F2E-47CD-BF7B-14507843578F}.Debug|x64.Build.0 = Debug|x64
		{B93A68BC-1F2E-47CD-BF7B-14507843578F}.Debug|x86.ActiveCfg = Debug|Win32
		{B93A68BC-1F2E-47CD-BF7B-14507843578F}.Debug|x86.Build.0 = Debug|Win32
		{B93A68BC-1F2E-47CD-BF7B-14507843578F}.Release|x64.ActiveCfg = Release|x64
		{B93A68BC-1F2E-47CD-BF7B-14507843578F}.Release|x64.Build.0 = Release|x64
		{B93A68BC-1F2E-47CD-BF7B-14507843578F}.Release|x86.ActiveCfg = Release|Win32
		{B93A68BC-1F2E-47CD-BF7B-14507843578F}.Release|x86.Build.0 = Release|Win32
		{E8649F49-1BB3-48FA-B2AD-57273854329B}.Debug|x64.ActiveCfg = Debug|x64
		{E8649F49-1BB3-48FA-B2AD-57273854329B}.Debug|x64.Build.0 = Debug|x64
		{E8649F49-1BB3-48FA-B2AD-57273854329B}.Debug|x86.ActiveCfg = Debug|Win32
		{E8649F49-1BB3-48FA-B2AD-57273854329B}.Debug|x86.Build.0 = Debug|Win32
		{E8649F49-1BB3-48FA-B2AD-57273854329B}.Release|x64.ActiveCfg = Release|x64
		{E8649F49-1BB3-48FA-B2AD-57273854329B}.Release|x64.Build.0 = Release|x64
		{E8649F49-1BB3-48FA-B2AD-57273854329B}.Release|x86.ActiveCfg = Release|Win32
		{E8649F49-1BB3-48FA-B2AD-57273854329B}.Release|x86.Build.0 = Release|Win32
		{0D0AC1E0-EEE9-4228-AB37-A565B77A868B}.Debug|x64.ActiveCfg = Debug|x64
		{0D0AC1E0-EEE9-4228-AB37-A565B77A868B}.Debug|x64.Build.0 = Debug|x64
		{0D0AC1E0-EEE9-4228-AB37-A565B77A868B}.Debug|x86.ActiveCfg = Debug|Win32
		{0D0AC1E0-EEE9-4228-AB37-A565B77A868B}.Debug|x86.Build.0 = Debug|Win32
		{0D0AC1E0-EEE9-4228-AB37-A565B77A868B}.Release|x64.ActiveCfg = Release|x64
		{0D0AC1E0-EEE9-4228-AB37-A565B77A868B}.Release|x64.Build.0 = Release|x64
		{0D0AC1E0-EEE9-4228-AB37-A565B77A868B}.Release|x86.ActiveCfg = Release|Win32
		{0D0AC1E0-EEE9-4228-AB37-A565B77A868B}.Release|x86.Build.0 = Release|Win32
		{E7537CDB-9448-46BA-97C7-485926B707A5}.Debug|x64.ActiveCfg = Debug|x64
		{E7537CDB-9448-46BA-97C7-485926B707A5}.Debug|x64.Build.0 = Debug|x64
		{E7537CDB-9448-46BA-97C7-485926B707A5}.Debug|x86.ActiveCfg = Debug|Win32
		{E7537CDB-9448-46BA-97C7-485926B707A5}.Debug|x86.Build.0 = Debug|Win32
		{E7537CDB-9448-46BA-97C7-485926B707A5}.Release|x64.ActiveCfg = Release|x64
		{E7537CDB-9448-46BA-97C7-485926B707A5}.Release|x64.Build.0 = Release|x64
		{E7537CDB-9448-46BA-97C7-485926B707A5}.Release|x86.ActiveCfg = Release|Win32
		{E7537CDB-9448-46BA-97C7-485926B707A5}.Release|x86.Build.0 = Release|Win32
	EndGlobalSection
	GlobalSection(SolutionProperties) = preSolution
		HideSolutionNode = FALSE
	EndGlobalSection
	GlobalSection(ExtensibilityGlobals) = postSolution
		SolutionGuid = {026BF94B-92A1-40D8-8040-B77116D00FE9}
	EndGlobalSection
EndGlobal
